
Microsoft Visual Studio Solution File, Format Version 12.00
# Visual Studio 15
VisualStudioVersion = 15.0.27004.2002
MinimumVisualStudioVersion = 10.0.40219.1
Project("{9A19103F-16F7-4668-BE54-9A1E7A4F7556}") = "Football.Api", "Football.Api\Football.Api.csproj", "{993A3986-3A60-40CF-9DEB-75EBE65095CC}"
EndProject
Project("{9A19103F-16F7-4668-BE54-9A1E7A4F7556}") = "Football.Domain", "Football.Domain\Football.Domain.csproj", "{F85FCAE3-4EA9-4734-B115-5D7796766EB8}"
EndProject
Project("{9A19103F-16F7-4668-BE54-9A1E7A4F7556}") = "Football.Infrastructure", "Football.Infrastructure\Football.Infrastructure.csproj", "{C216D2B9-E877-439E-87A7-6DC80F2A8AD6}"
EndProject
Project("{9A19103F-16F7-4668-BE54-9A1E7A4F7556}") = "Football.Tests", "Football.Tests\Football.Tests.csproj", "{603DE266-9004-420C-9AA7-ED8E605DB060}"
EndProject
Global
	GlobalSection(SolutionConfigurationPlatforms) = preSolution
		Debug|Any CPU = Debug|Any CPU
		Release|Any CPU = Release|Any CPU
	EndGlobalSection
	GlobalSection(ProjectConfigurationPlatforms) = postSolution
		{993A3986-3A60-40CF-9DEB-75EBE65095CC}.Debug|Any CPU.ActiveCfg = Debug|Any CPU
		{993A3986-3A60-40CF-9DEB-75EBE65095CC}.Debug|Any CPU.Build.0 = Debug|Any CPU
		{993A3986-3A60-40CF-9DEB-75EBE65095CC}.Release|Any CPU.ActiveCfg = Release|Any CPU
		{993A3986-3A60-40CF-9DEB-75EBE65095CC}.Release|Any CPU.Build.0 = Release|Any CPU
		{F85FCAE3-4EA9-4734-B115-5D7796766EB8}.Debug|Any CPU.ActiveCfg = Debug|Any CPU
		{F85FCAE3-4EA9-4734-B115-5D7796766EB8}.Debug|Any CPU.Build.0 = Debug|Any CPU
		{F85FCAE3-4EA9-4734-B115-5D7796766EB8}.Release|Any CPU.ActiveCfg = Release|Any CPU
		{F85FCAE3-4EA9-4734-B115-5D7796766EB8}.Release|Any CPU.Build.0 = Release|Any CPU
		{C216D2B9-E877-439E-87A7-6DC80F2A8AD6}.Debug|Any CPU.ActiveCfg = Debug|Any CPU
		{C216D2B9-E877-439E-87A7-6DC80F2A8AD6}.Debug|Any CPU.Build.0 = Debug|Any CPU
		{C216D2B9-E877-439E-87A7-6DC80F2A8AD6}.Release|Any CPU.ActiveCfg = Release|Any CPU
		{C216D2B9-E877-439E-87A7-6DC80F2A8AD6}.Release|Any CPU.Build.0 = Release|Any CPU
		{603DE266-9004-420C-9AA7-ED8E605DB060}.Debug|Any CPU.ActiveCfg = Debug|Any CPU
		{603DE266-9004-420C-9AA7-ED8E605DB060}.Debug|Any CPU.Build.0 = Debug|Any CPU
		{603DE266-9004-420C-9AA7-ED8E605DB060}.Release|Any CPU.ActiveCfg = Release|Any CPU
		{603DE266-9004-420C-9AA7-ED8E605DB060}.Release|Any CPU.Build.0 = Release|Any CPU
	EndGlobalSection
	GlobalSection(SolutionProperties) = preSolution
		HideSolutionNode = FALSE
	EndGlobalSection
	GlobalSection(ExtensibilityGlobals) = postSolution
		SolutionGuid = {A95D3500-5FC7-4651-AA83-9B84C189A798}
	EndGlobalSection
EndGlobal
